
Microsoft Visual Studio Solution File, Format Version 12.00
# Visual Studio Version 17
VisualStudioVersion = 17.3.32929.385
MinimumVisualStudioVersion = 10.0.40219.1
Project("{FAE04EC0-301F-11D3-BF4B-00C04F79EFBC}") = "BelzontTLM", "BelzontTLM\BelzontTLM.csproj", "{38911405-6695-4DE5-9B63-857718EC55C0}"
EndProject
Project("{FAE04EC0-301F-11D3-BF4B-00C04F79EFBC}") = "BelzontTLM_EUIS", "BelzontTLM_EUIS\BelzontTLM_EUIS.csproj", "{A92BC2E1-85A5-430D-A42B-AD40FFA29765}"
	ProjectSection(ProjectDependencies) = postProject
		{38911405-6695-4DE5-9B63-857718EC55C0} = {38911405-6695-4DE5-9B63-857718EC55C0}
	EndProjectSection
EndProject
Global
	GlobalSection(SolutionConfigurationPlatforms) = preSolution
		Debug|Any CPU = Debug|Any CPU
		Release|Any CPU = Release|Any CPU
	EndGlobalSection
	GlobalSection(ProjectConfigurationPlatforms) = postSolution
		{38911405-6695-4DE5-9B63-857718EC55C0}.Debug|Any CPU.ActiveCfg = Debug|Any CPU
		{38911405-6695-4DE5-9B63-857718EC55C0}.Debug|Any CPU.Build.0 = Debug|Any CPU
		{38911405-6695-4DE5-9B63-857718EC55C0}.Release|Any CPU.ActiveCfg = Release|Any CPU
		{38911405-6695-4DE5-9B63-857718EC55C0}.Release|Any CPU.Build.0 = Release|Any CPU
		{A92BC2E1-85A5-430D-A42B-AD40FFA29765}.Debug|Any CPU.ActiveCfg = Debug|Any CPU
		{A92BC2E1-85A5-430D-A42B-AD40FFA29765}.Debug|Any CPU.Build.0 = Debug|Any CPU
		{A92BC2E1-85A5-430D-A42B-AD40FFA29765}.Release|Any CPU.ActiveCfg = Release|Any CPU
		{A92BC2E1-85A5-430D-A42B-AD40FFA29765}.Release|Any CPU.Build.0 = Release|Any CPU
	EndGlobalSection
	GlobalSection(SolutionProperties) = preSolution
		HideSolutionNode = FALSE
	EndGlobalSection
	GlobalSection(ExtensibilityGlobals) = postSolution
		SolutionGuid = {B9D88309-E817-42E7-83AB-112306C2AC9A}
	EndGlobalSection
EndGlobal
